{
  "nodes": {
    "evergarden-colorscheme": {
      "flake": false,
      "locked": {
        "lastModified": 1780145982,
        "narHash": "sha256-2+Vys23a+iEenb9O6rHdh3OGfEVwcXSwAJMQty+4P0k=",
        "owner": "everviolet",
        "repo": "nvim",
        "rev": "c2fd38fadc0e3c2b294328ce27c815d18ec3ebc4",
        "type": "github"
      },
      "original": {
        "owner": "everviolet",
        "repo": "nvim",
        "type": "github"
      }
    },
    "flake-parts": {
      "inputs": {
        "nixpkgs-lib": "nixpkgs-lib"
      },
      "locked": {
        "lastModified": 1778716662,
        "narHash": "sha256-m1Yf0wZ8j1OHjTc2UwHwyQRSnNeSgLJOd7q5Y45hzi4=",
        "owner": "hercules-ci",
        "repo": "flake-parts",
        "rev": "f7c1a2d347e4c52d5fb8d10cb4d94b5884e546fb",
        "type": "github"
      },
      "original": {
        "owner": "hercules-ci",
        "repo": "flake-parts",
        "type": "github"
      }
    },
    "flake-parts_2": {
      "inputs": {
        "nixpkgs-lib": [
          "neovim-nightly",
          "nixpkgs"
        ]
      },
      "locked": {
        "lastModified": 1778716662,
        "narHash": "sha256-m1Yf0wZ8j1OHjTc2UwHwyQRSnNeSgLJOd7q5Y45hzi4=",
        "owner": "hercules-ci",
        "repo": "flake-parts",
        "rev": "f7c1a2d347e4c52d5fb8d10cb4d94b5884e546fb",
        "type": "github"
      },
      "original": {
        "owner": "hercules-ci",
        "repo": "flake-parts",
        "type": "github"
      }
    },
    "neovim-nightly": {
      "inputs": {
        "flake-parts": "flake-parts_2",
        "neovim-src": "neovim-src",
        "nixpkgs": [
          "nixpkgs"
        ]
      },
      "locked": {
        "lastModified": 1781654693,
        "narHash": "sha256-YSKAc5ZhQQZ7fEXG6cczmINqphNxOeCm9tR1n+EBG18=",
        "owner": "nix-community",
        "repo": "neovim-nightly-overlay",
        "rev": "8bd517afcfe2bf8c1fe45d56f5eb6d4e680e6630",
        "type": "github"
      },
      "original": {
        "owner": "nix-community",
        "repo": "neovim-nightly-overlay",
        "type": "github"
      }
    },
    "neovim-src": {
      "flake": false,
      "locked": {
        "lastModified": 1781641217,
        "narHash": "sha256-otOvDfEl5ufrAXdQ6U3n0gSAytNNhwcGY6YGd4Ep3NE=",
        "owner": "neovim",
        "repo": "neovim",
        "rev": "942778c7587ec51a772d01dcc891973a1aa9f618",
        "type": "github"
      },
      "original": {
        "owner": "neovim",
        "repo": "neovim",
        "type": "github"
      }
    },
    "nixpkgs": {
      "locked": {
        "lastModified": 1781577229,
        "narHash": "sha256-lrp67w8AulE9Ks53n27I45ADSzbOCn4H+CNW1Ck8B+8=",
        "owner": "NixOS",
        "repo": "nixpkgs",
        "rev": "567a49d1913ce81ac6e9582e3553dd90a955875f",
        "type": "github"
      },
      "original": {
        "id": "nixpkgs",
        "ref": "nixos-unstable",
        "type": "indirect"
      }
    },
    "nixpkgs-lib": {
      "locked": {
        "lastModified": 1777168982,
        "narHash": "sha256-GOkGPcboWE9BmGCRMLX3worL4EMnsnG8MyKmXNeYuhQ=",
        "owner": "nix-community",
        "repo": "nixpkgs.lib",
        "rev": "f5901329dade4a6ea039af1433fb087bd9c1fe14",
        "type": "github"
      },
      "original": {
        "owner": "nix-community",
        "repo": "nixpkgs.lib",
        "type": "github"
      }
    },
    "nvim-tmux-navigation": {
      "flake": false,
      "locked": {
        "lastModified": 1707171454,
        "narHash": "sha256-CxAgQSbOrg/SsQXupwCv8cyZXIB7tkWO+Y6FDtoR8xk=",
        "owner": "alexghergh",
        "repo": "nvim-tmux-navigation",
        "rev": "4898c98702954439233fdaf764c39636681e2861",
        "type": "github"
      },
      "original": {
        "owner": "alexghergh",
        "repo": "nvim-tmux-navigation",
        "type": "github"
      }
    },
    "root": {
      "inputs": {
        "evergarden-colorscheme": "evergarden-colorscheme",
        "flake-parts": "flake-parts",
        "neovim-nightly": "neovim-nightly",
        "nixpkgs": "nixpkgs",
        "nvim-tmux-navigation": "nvim-tmux-navigation"
      }
    }
  },
  "root": "root",
  "version": 7
}
