{
  "nodes": {
    "evergarden-colorscheme": {
      "flake": false,
      "locked": {
        "lastModified": 1765130121,
        "narHash": "sha256-3jc/13ak3smGR4bjzxE9sd/OzzsCg4XL2bxLCiHsDvY=",
        "owner": "everviolet",
        "repo": "nvim",
        "rev": "ed86852e01f03853326c68961ff10bcaf8ff5f9c",
        "type": "github"
      },
      "original": {
        "owner": "everviolet",
        "repo": "nvim",
        "type": "github"
      }
    },
    "flake-parts": {
      "inputs": {
        "nixpkgs-lib": [
          "neovim-nightly",
          "nixpkgs"
        ]
      },
      "locked": {
        "lastModified": 1765835352,
        "narHash": "sha256-XswHlK/Qtjasvhd1nOa1e8MgZ8GS//jBoTqWtrS1Giw=",
        "owner": "hercules-ci",
        "repo": "flake-parts",
        "rev": "a34fae9c08a15ad73f295041fec82323541400a9",
        "type": "github"
      },
      "original": {
        "owner": "hercules-ci",
        "repo": "flake-parts",
        "type": "github"
      }
    },
    "flake-utils": {
      "inputs": {
        "systems": "systems"
      },
      "locked": {
        "lastModified": 1731533236,
        "narHash": "sha256-l0KFg5HjrsfsO/JpG+r7fRrqm12kzFHyUHqHCVpMMbI=",
        "owner": "numtide",
        "repo": "flake-utils",
        "rev": "11707dc2f618dd54ca8739b309ec4fc024de578b",
        "type": "github"
      },
      "original": {
        "owner": "numtide",
        "repo": "flake-utils",
        "type": "github"
      }
    },
    "neovim-nightly": {
      "inputs": {
        "flake-parts": "flake-parts",
        "neovim-src": "neovim-src",
        "nixpkgs": [
          "nixpkgs"
        ]
      },
      "locked": {
        "lastModified": 1766793883,
        "narHash": "sha256-k5pLDiwKWQfsSSwKs6UbIWiKWZo6xKNsTNPnuzHPeNo=",
        "owner": "nix-community",
        "repo": "neovim-nightly-overlay",
        "rev": "6c63748c49be61297332a11c984973194638d4fb",
        "type": "github"
      },
      "original": {
        "owner": "nix-community",
        "repo": "neovim-nightly-overlay",
        "type": "github"
      }
    },
    "neovim-src": {
      "flake": false,
      "locked": {
        "lastModified": 1766742707,
        "narHash": "sha256-vWRPyUDlSiFucT3dwRuYm8AdZ75kzvQg+ymsiLapMwk=",
        "owner": "neovim",
        "repo": "neovim",
        "rev": "899ec829be85b52202f0ce32c455ae4f4d60b85b",
        "type": "github"
      },
      "original": {
        "owner": "neovim",
        "repo": "neovim",
        "type": "github"
      }
    },
    "nixpkgs": {
      "locked": {
        "lastModified": 1766651565,
        "narHash": "sha256-QEhk0eXgyIqTpJ/ehZKg9IKS7EtlWxF3N7DXy42zPfU=",
        "owner": "NixOS",
        "repo": "nixpkgs",
        "rev": "3e2499d5539c16d0d173ba53552a4ff8547f4539",
        "type": "github"
      },
      "original": {
        "id": "nixpkgs",
        "ref": "nixos-unstable",
        "type": "indirect"
      }
    },
    "nvim-tmux-navigation": {
      "flake": false,
      "locked": {
        "lastModified": 1707171454,
        "narHash": "sha256-CxAgQSbOrg/SsQXupwCv8cyZXIB7tkWO+Y6FDtoR8xk=",
        "owner": "alexghergh",
        "repo": "nvim-tmux-navigation",
        "rev": "4898c98702954439233fdaf764c39636681e2861",
        "type": "github"
      },
      "original": {
        "owner": "alexghergh",
        "repo": "nvim-tmux-navigation",
        "type": "github"
      }
    },
    "root": {
      "inputs": {
        "evergarden-colorscheme": "evergarden-colorscheme",
        "flake-utils": "flake-utils",
        "neovim-nightly": "neovim-nightly",
        "nixpkgs": "nixpkgs",
        "nvim-tmux-navigation": "nvim-tmux-navigation"
      }
    },
    "systems": {
      "locked": {
        "lastModified": 1681028828,
        "narHash": "sha256-Vy1rq5AaRuLzOxct8nz4T6wlgyUR7zLU309k9mBC768=",
        "owner": "nix-systems",
        "repo": "default",
        "rev": "da67096a3b9bf56a91d16901293e51ba5b49a27e",
        "type": "github"
      },
      "original": {
        "owner": "nix-systems",
        "repo": "default",
        "type": "github"
      }
    }
  },
  "root": "root",
  "version": 7
}
